
Microsoft Visual Studio Solution File, Format Version 12.00
# Visual Studio 14
VisualStudioVersion = 14.0.25123.0
MinimumVisualStudioVersion = 10.0.40219.1
Project("{FAE04EC0-301F-11D3-BF4B-00C04F79EFBC}") = "Exemplo.Dominio", "Exemplo.Dominio\Exemplo.Dominio.csproj", "{D537E8F6-358A-4EF0-BEE5-C63A4507B4A5}"
EndProject
Project("{FAE04EC0-301F-11D3-BF4B-00C04F79EFBC}") = "Exemplo.Terminal", "Exemplo.Terminal\Exemplo.Terminal.csproj", "{8F8E1199-6A39-4F6E-BB0D-284B52506C5C}"
EndProject
Project("{FAE04EC0-301F-11D3-BF4B-00C04F79EFBC}") = "Exemplo.WindowsForms", "Exemplo.WindowsForms\Exemplo.WindowsForms.csproj", "{2734E342-0DC5-4B5B-836F-68DAD989952D}"
EndProject
Global
	GlobalSection(SolutionConfigurationPlatforms) = preSolution
		Debug|Any CPU = Debug|Any CPU
		Release|Any CPU = Release|Any CPU
	EndGlobalSection
	GlobalSection(ProjectConfigurationPlatforms) = postSolution
		{D537E8F6-358A-4EF0-BEE5-C63A4507B4A5}.Debug|Any CPU.ActiveCfg = Debug|Any CPU
		{D537E8F6-358A-4EF0-BEE5-C63A4507B4A5}.Debug|Any CPU.Build.0 = Debug|Any CPU
		{D537E8F6-358A-4EF0-BEE5-C63A4507B4A5}.Release|Any CPU.ActiveCfg = Release|Any CPU
		{D537E8F6-358A-4EF0-BEE5-C63A4507B4A5}.Release|Any CPU.Build.0 = Release|Any CPU
		{8F8E1199-6A39-4F6E-BB0D-284B52506C5C}.Debug|Any CPU.ActiveCfg = Debug|Any CPU
		{8F8E1199-6A39-4F6E-BB0D-284B52506C5C}.Debug|Any CPU.Build.0 = Debug|Any CPU
		{8F8E1199-6A39-4F6E-BB0D-284B52506C5C}.Release|Any CPU.ActiveCfg = Release|Any CPU
		{8F8E1199-6A39-4F6E-BB0D-284B52506C5C}.Release|Any CPU.Build.0 = Release|Any CPU
		{2734E342-0DC5-4B5B-836F-68DAD989952D}.Debug|Any CPU.ActiveCfg = Debug|Any CPU
		{2734E342-0DC5-4B5B-836F-68DAD989952D}.Debug|Any CPU.Build.0 = Debug|Any CPU
		{2734E342-0DC5-4B5B-836F-68DAD989952D}.Release|Any CPU.ActiveCfg = Release|Any CPU
		{2734E342-0DC5-4B5B-836F-68DAD989952D}.Release|Any CPU.Build.0 = Release|Any CPU
	EndGlobalSection
	GlobalSection(SolutionProperties) = preSolution
		HideSolutionNode = FALSE
	EndGlobalSection
EndGlobal
